
Microsoft Visual Studio Solution File, Format Version 12.00
# Visual Studio Version 16
VisualStudioVersion = 16.0.30711.63
MinimumVisualStudioVersion = 10.0.40219.1
Project("{9A19103F-16F7-4668-BE54-9A1E7A4F7556}") = "CursedBrambles", "CursedBrambles\CursedBrambles.csproj", "{A5C26B56-8B72-4936-AE77-4C2614AAAC8A}"
EndProject
Global
	GlobalSection(SolutionConfigurationPlatforms) = preSolution
		Debug|Any CPU = Debug|Any CPU
		Release|Any CPU = Release|Any CPU
	EndGlobalSection
	GlobalSection(ProjectConfigurationPlatforms) = postSolution
		{A5C26B56-8B72-4936-AE77-4C2614AAAC8A}.Debug|Any CPU.ActiveCfg = Debug|Any CPU
		{A5C26B56-8B72-4936-AE77-4C2614AAAC8A}.Debug|Any CPU.Build.0 = Debug|Any CPU
		{A5C26B56-8B72-4936-AE77-4C2614AAAC8A}.Release|Any CPU.ActiveCfg = Release|Any CPU
		{A5C26B56-8B72-4936-AE77-4C2614AAAC8A}.Release|Any CPU.Build.0 = Release|Any CPU
	EndGlobalSection
	GlobalSection(SolutionProperties) = preSolution
		HideSolutionNode = FALSE
	EndGlobalSection
	GlobalSection(ExtensibilityGlobals) = postSolution
		SolutionGuid = {CD09C094-232B-48D8-8089-8A0DCF9AF253}
	EndGlobalSection
EndGlobal
